# This file is autogenerated, do not edit; changes may be undone by the next 'dep ensure'.


[[projects]]
  name = "github.com/digitalocean/godo"
  packages = ["."]
  revision = "51f18c0e42941703dc13d15bc0ad69aef6a49830"
  version = "v1.3.0"

[[projects]]
  branch = "master"
  name = "github.com/google/go-querystring"
  packages = ["query"]
  revision = "53e6ce116135b80d037921a7fdd5138cf32d7a8a"

[[projects]]
  branch = "master"
  name = "github.com/tent/http-link-go"
  packages = ["."]
  revision = "ac974c61c2f990f4115b119354b5e0b47550e888"

[solve-meta]
  analyzer-name = "dep"
  analyzer-version = 1
  inputs-digest = "6f2ee2d1be809adfee46066779930fca78a575d3e3d94276a4cb9f733488ab4f"
  solver-name = "gps-cdcl"
  solver-version = 1
