# This file is autogenerated, do not edit; changes may be undone by the next 'dep ensure'.


[[projects]]
  name = "github.com/digitalocean/godo"
  packages = ["."]
  revision = "51f18c0e42941703dc13d15bc0ad69aef6a49830"
  version = "v1.3.0"

[[projects]]
  name = "github.com/gobuffalo/packr"
  packages = ["."]
  revision = "147bee9cde84aeca6693d1b1aedc595298f24d5b"
  version = "v1.12.0"

[[projects]]
  name = "github.com/golang/protobuf"
  packages = ["proto"]
  revision = "b4deda0973fb4c70b50d226b1af49f3da59f5265"
  version = "v1.1.0"

[[projects]]
  branch = "master"
  name = "github.com/google/go-querystring"
  packages = ["query"]
  revision = "53e6ce116135b80d037921a7fdd5138cf32d7a8a"

[[projects]]
  name = "github.com/pkg/errors"
  packages = ["."]
  revision = "645ef00459ed84a119197bfb8d8205042c6df63d"
  version = "v0.8.0"

[[projects]]
  branch = "master"
  name = "github.com/tent/http-link-go"
  packages = ["."]
  revision = "ac974c61c2f990f4115b119354b5e0b47550e888"

[[projects]]
  branch = "master"
  name = "golang.org/x/net"
  packages = [
    "context",
    "context/ctxhttp"
  ]
  revision = "3673e40ba22529d22c3fd7c93e97b0ce50fa7bdd"

[[projects]]
  branch = "master"
  name = "golang.org/x/oauth2"
  packages = [
    ".",
    "internal"
  ]
  revision = "3d292e4d0cdc3a0113e6d207bb137145ef1de42f"

[[projects]]
  name = "google.golang.org/appengine"
  packages = [
    "internal",
    "internal/base",
    "internal/datastore",
    "internal/log",
    "internal/remote_api",
    "internal/urlfetch",
    "urlfetch"
  ]
  revision = "b1f26356af11148e710935ed1ac8a7f5702c7612"
  version = "v1.1.0"

[solve-meta]
  analyzer-name = "dep"
  analyzer-version = 1
  inputs-digest = "0659d8739d7d6b0f36c07ca54842dd1dad0bb80f26650ecd5bcc47feb32ce8e6"
  solver-name = "gps-cdcl"
  solver-version = 1
